
Microsoft Visual Studio Solution File, Format Version 12.00
# Visual Studio Version 16
VisualStudioVersion = 16.0.32510.428
MinimumVisualStudioVersion = 10.0.40219.1
Project("{9A19103F-16F7-4668-BE54-9A1E7A4F7556}") = "InfoHelper", "InfoHelper\InfoHelper.csproj", "{EEAD2D6D-0A08-414E-9797-1397412E3972}"
EndProject
Global
	GlobalSection(SolutionConfigurationPlatforms) = preSolution
		Debug|Any CPU = Debug|Any CPU
		Debug|x64 = Debug|x64
		Release|Any CPU = Release|Any CPU
		Release|x64 = Release|x64
	EndGlobalSection
	GlobalSection(ProjectConfigurationPlatforms) = postSolution
		{EEAD2D6D-0A08-414E-9797-1397412E3972}.Debug|Any CPU.ActiveCfg = Debug|x64
		{EEAD2D6D-0A08-414E-9797-1397412E3972}.Debug|Any CPU.Build.0 = Debug|x64
		{EEAD2D6D-0A08-414E-9797-1397412E3972}.Debug|x64.ActiveCfg = Debug|x64
		{EEAD2D6D-0A08-414E-9797-1397412E3972}.Debug|x64.Build.0 = Debug|x64
		{EEAD2D6D-0A08-414E-9797-1397412E3972}.Release|Any CPU.ActiveCfg = Release|x64
		{EEAD2D6D-0A08-414E-9797-1397412E3972}.Release|Any CPU.Build.0 = Release|x64
		{EEAD2D6D-0A08-414E-9797-1397412E3972}.Release|x64.ActiveCfg = Release|x64
		{EEAD2D6D-0A08-414E-9797-1397412E3972}.Release|x64.Build.0 = Release|x64
	EndGlobalSection
	GlobalSection(SolutionProperties) = preSolution
		HideSolutionNode = FALSE
	EndGlobalSection
	GlobalSection(ExtensibilityGlobals) = postSolution
		SolutionGuid = {F67CE759-0DD3-4229-B5C0-4B73483C8C19}
	EndGlobalSection
EndGlobal
