
Microsoft Visual Studio Solution File, Format Version 12.00
# Visual Studio Version 16
VisualStudioVersion = 16.0.32510.428
MinimumVisualStudioVersion = 10.0.40219.1
Project("{FAE04EC0-301F-11D3-BF4B-00C04F79EFBC}") = "InfoHelper", "InfoHelper\InfoHelper.csproj", "{EEAD2D6D-0A08-414E-9797-1397412E3972}"
EndProject
Global
	GlobalSection(SolutionConfigurationPlatforms) = preSolution
		Debug|Any CPU = Debug|Any CPU
		Release|Any CPU = Release|Any CPU
	EndGlobalSection
	GlobalSection(ProjectConfigurationPlatforms) = postSolution
		{EEAD2D6D-0A08-414E-9797-1397412E3972}.Debug|Any CPU.ActiveCfg = Debug|Any CPU
		{EEAD2D6D-0A08-414E-9797-1397412E3972}.Debug|Any CPU.Build.0 = Debug|Any CPU
		{EEAD2D6D-0A08-414E-9797-1397412E3972}.Release|Any CPU.ActiveCfg = Release|Any CPU
		{EEAD2D6D-0A08-414E-9797-1397412E3972}.Release|Any CPU.Build.0 = Release|Any CPU
	EndGlobalSection
	GlobalSection(SolutionProperties) = preSolution
		HideSolutionNode = FALSE
	EndGlobalSection
	GlobalSection(ExtensibilityGlobals) = postSolution
		SolutionGuid = {F67CE759-0DD3-4229-B5C0-4B73483C8C19}
	EndGlobalSection
EndGlobal
